// !$*UTF8*$!
{
	archiveVersion = 1;
	classes = {
	};
	objectVersion = 52;
	objects = {

/* Begin PBXBuildFile section */
		8A5A625124169051007A4A1D /* Alamofire in Frameworks */ = {isa = PBXBuildFile; productRef = 8A5A625024169051007A4A1D /* Alamofire */; };
		8A5A62542417E43E007A4A1D /* TrashBinCode.swift in Sources */ = {isa = PBXBuildFile; fileRef = 8A5A62532417E43E007A4A1D /* TrashBinCode.swift */; };
		8A5A625724192530007A4A1D /* SwiftyJSON in Frameworks */ = {isa = PBXBuildFile; productRef = 8A5A625624192530007A4A1D /* SwiftyJSON */; };
		8A69BEFD2414A3E8004E51DF /* Extensions.swift in Sources */ = {isa = PBXBuildFile; fileRef = 8A69BEFC2414A3E8004E51DF /* Extensions.swift */; };
		8A69BF022414AC09004E51DF /* image2.jpg in Resources */ = {isa = PBXBuildFile; fileRef = 8A69BEFF2414AC08004E51DF /* image2.jpg */; };
		8A69BF032414AC09004E51DF /* image3.jpg in Resources */ = {isa = PBXBuildFile; fileRef = 8A69BF002414AC08004E51DF /* image3.jpg */; };
		8A69BF042414AC09004E51DF /* image1.jpg in Resources */ = {isa = PBXBuildFile; fileRef = 8A69BF012414AC09004E51DF /* image1.jpg */; };
		8A69BF082414E428004E51DF /* park1.jpg in Resources */ = {isa = PBXBuildFile; fileRef = 8A69BF052414E427004E51DF /* park1.jpg */; };
		8A69BF092414E428004E51DF /* park2.jpg in Resources */ = {isa = PBXBuildFile; fileRef = 8A69BF062414E427004E51DF /* park2.jpg */; };
		8A69BF0A2414E428004E51DF /* park3.jpg in Resources */ = {isa = PBXBuildFile; fileRef = 8A69BF072414E428004E51DF /* park3.jpg */; };
		8A69BF0E2414ED43004E51DF /* restaurant1.jpg in Resources */ = {isa = PBXBuildFile; fileRef = 8A69BF0B2414ED42004E51DF /* restaurant1.jpg */; };
		8A69BF0F2414ED43004E51DF /* restaurant2.jpg in Resources */ = {isa = PBXBuildFile; fileRef = 8A69BF0C2414ED42004E51DF /* restaurant2.jpg */; };
		8A69BF142414F0FB004E51DF /* restaurant3.jpg in Resources */ = {isa = PBXBuildFile; fileRef = 8A69BF132414F0FB004E51DF /* restaurant3.jpg */; };
		8A69BF16241533FB004E51DF /* Model.swift in Sources */ = {isa = PBXBuildFile; fileRef = 8A69BF15241533FB004E51DF /* Model.swift */; };
		8A6DD96C2413AEA900D52DC0 /* AppDelegate.swift in Sources */ = {isa = PBXBuildFile; fileRef = 8A6DD96B2413AEA900D52DC0 /* AppDelegate.swift */; };
		8A6DD96E2413AEA900D52DC0 /* SceneDelegate.swift in Sources */ = {isa = PBXBuildFile; fileRef = 8A6DD96D2413AEA900D52DC0 /* SceneDelegate.swift */; };
		8A6DD9752413AEAE00D52DC0 /* Assets.xcassets in Resources */ = {isa = PBXBuildFile; fileRef = 8A6DD9742413AEAE00D52DC0 /* Assets.xcassets */; };
		8A6DD9782413AEAE00D52DC0 /* LaunchScreen.storyboard in Resources */ = {isa = PBXBuildFile; fileRef = 8A6DD9762413AEAE00D52DC0 /* LaunchScreen.storyboard */; };
		8A6DD9812413B52F00D52DC0 /* LBTATools in Frameworks */ = {isa = PBXBuildFile; productRef = 8A6DD9802413B52F00D52DC0 /* LBTATools */; };
		8A6DD9882413C9A200D52DC0 /* HomeVC.swift in Sources */ = {isa = PBXBuildFile; fileRef = 8A6DD9872413C9A200D52DC0 /* HomeVC.swift */; };
		8A6DD98A2413CA1800D52DC0 /* HotelsCell.swift in Sources */ = {isa = PBXBuildFile; fileRef = 8A6DD9892413CA1800D52DC0 /* HotelsCell.swift */; };
		8A6DD98C2413CA3300D52DC0 /* TouristSpotsCell.swift in Sources */ = {isa = PBXBuildFile; fileRef = 8A6DD98B2413CA3300D52DC0 /* TouristSpotsCell.swift */; };
		8A6DD98E2413CA4B00D52DC0 /* RestaurantsCell.swift in Sources */ = {isa = PBXBuildFile; fileRef = 8A6DD98D2413CA4B00D52DC0 /* RestaurantsCell.swift */; };
		8A6DD9902413CA6A00D52DC0 /* BusStopCell.swift in Sources */ = {isa = PBXBuildFile; fileRef = 8A6DD98F2413CA6A00D52DC0 /* BusStopCell.swift */; };
		8A6DD9922413ED5D00D52DC0 /* Header.swift in Sources */ = {isa = PBXBuildFile; fileRef = 8A6DD9912413ED5D00D52DC0 /* Header.swift */; };
/* End PBXBuildFile section */

/* Begin PBXFileReference section */
		8A5A62532417E43E007A4A1D /* TrashBinCode.swift */ = {isa = PBXFileReference; lastKnownFileType = sourcecode.swift; path = TrashBinCode.swift; sourceTree = "<group>"; };
		8A69BEFC2414A3E8004E51DF /* Extensions.swift */ = {isa = PBXFileReference; lastKnownFileType = sourcecode.swift; path = Extensions.swift; sourceTree = "<group>"; };
		8A69BEFF2414AC08004E51DF /* image2.jpg */ = {isa = PBXFileReference; lastKnownFileType = image.jpeg; path = image2.jpg; sourceTree = "<group>"; };
		8A69BF002414AC08004E51DF /* image3.jpg */ = {isa = PBXFileReference; lastKnownFileType = image.jpeg; path = image3.jpg; sourceTree = "<group>"; };
		8A69BF012414AC09004E51DF /* image1.jpg */ = {isa = PBXFileReference; lastKnownFileType = image.jpeg; path = image1.jpg; sourceTree = "<group>"; };
		8A69BF052414E427004E51DF /* park1.jpg */ = {isa = PBXFileReference; lastKnownFileType = image.jpeg; path = park1.jpg; sourceTree = "<group>"; };
		8A69BF062414E427004E51DF /* park2.jpg */ = {isa = PBXFileReference; lastKnownFileType = image.jpeg; path = park2.jpg; sourceTree = "<group>"; };
		8A69BF072414E428004E51DF /* park3.jpg */ = {isa = PBXFileReference; lastKnownFileType = image.jpeg; path = park3.jpg; sourceTree = "<group>"; };
		8A69BF0B2414ED42004E51DF /* restaurant1.jpg */ = {isa = PBXFileReference; lastKnownFileType = image.jpeg; path = restaurant1.jpg; sourceTree = "<group>"; };
		8A69BF0C2414ED42004E51DF /* restaurant2.jpg */ = {isa = PBXFileReference; lastKnownFileType = image.jpeg; path = restaurant2.jpg; sourceTree = "<group>"; };
		8A69BF132414F0FB004E51DF /* restaurant3.jpg */ = {isa = PBXFileReference; lastKnownFileType = image.jpeg; path = restaurant3.jpg; sourceTree = "<group>"; };
		8A69BF15241533FB004E51DF /* Model.swift */ = {isa = PBXFileReference; lastKnownFileType = sourcecode.swift; path = Model.swift; sourceTree = "<group>"; };
		8A6DD9682413AEA900D52DC0 /* GuideTech.app */ = {isa = PBXFileReference; explicitFileType = wrapper.application; includeInIndex = 0; path = GuideTech.app; sourceTree = BUILT_PRODUCTS_DIR; };
		8A6DD96B2413AEA900D52DC0 /* AppDelegate.swift */ = {isa = PBXFileReference; lastKnownFileType = sourcecode.swift; path = AppDelegate.swift; sourceTree = "<group>"; };
		8A6DD96D2413AEA900D52DC0 /* SceneDelegate.swift */ = {isa = PBXFileReference; lastKnownFileType = sourcecode.swift; path = SceneDelegate.swift; sourceTree = "<group>"; };
		8A6DD9742413AEAE00D52DC0 /* Assets.xcassets */ = {isa = PBXFileReference; lastKnownFileType = folder.assetcatalog; path = Assets.xcassets; sourceTree = "<group>"; };
		8A6DD9772413AEAE00D52DC0 /* Base */ = {isa = PBXFileReference; lastKnownFileType = file.storyboard; name = Base; path = Base.lproj/LaunchScreen.storyboard; sourceTree = "<group>"; };
		8A6DD9792413AEAE00D52DC0 /* Info.plist */ = {isa = PBXFileReference; lastKnownFileType = text.plist.xml; path = Info.plist; sourceTree = "<group>"; };
		8A6DD9872413C9A200D52DC0 /* HomeVC.swift */ = {isa = PBXFileReference; lastKnownFileType = sourcecode.swift; path = HomeVC.swift; sourceTree = "<group>"; };
		8A6DD9892413CA1800D52DC0 /* HotelsCell.swift */ = {isa = PBXFileReference; lastKnownFileType = sourcecode.swift; path = HotelsCell.swift; sourceTree = "<group>"; };
		8A6DD98B2413CA3300D52DC0 /* TouristSpotsCell.swift */ = {isa = PBXFileReference; lastKnownFileType = sourcecode.swift; path = TouristSpotsCell.swift; sourceTree = "<group>"; };
		8A6DD98D2413CA4B00D52DC0 /* RestaurantsCell.swift */ = {isa = PBXFileReference; lastKnownFileType = sourcecode.swift; path = RestaurantsCell.swift; sourceTree = "<group>"; };
		8A6DD98F2413CA6A00D52DC0 /* BusStopCell.swift */ = {isa = PBXFileReference; lastKnownFileType = sourcecode.swift; path = BusStopCell.swift; sourceTree = "<group>"; };
		8A6DD9912413ED5D00D52DC0 /* Header.swift */ = {isa = PBXFileReference; lastKnownFileType = sourcecode.swift; path = Header.swift; sourceTree = "<group>"; };
/* End PBXFileReference section */

/* Begin PBXFrameworksBuildPhase section */
		8A6DD9652413AEA900D52DC0 /* Frameworks */ = {
			isa = PBXFrameworksBuildPhase;
			buildActionMask = 2147483647;
			files = (
				8A5A625724192530007A4A1D /* SwiftyJSON in Frameworks */,
				8A6DD9812413B52F00D52DC0 /* LBTATools in Frameworks */,
				8A5A625124169051007A4A1D /* Alamofire in Frameworks */,
			);
			runOnlyForDeploymentPostprocessing = 0;
		};
/* End PBXFrameworksBuildPhase section */

/* Begin PBXGroup section */
		8A69BEFB2414A3CB004E51DF /* utils */ = {
			isa = PBXGroup;
			children = (
				8A69BEFC2414A3E8004E51DF /* Extensions.swift */,
				8A5A62532417E43E007A4A1D /* TrashBinCode.swift */,
			);
			path = utils;
			sourceTree = "<group>";
		};
		8A69BEFE2414ABEB004E51DF /* images */ = {
			isa = PBXGroup;
			children = (
				8A69BF012414AC09004E51DF /* image1.jpg */,
				8A69BEFF2414AC08004E51DF /* image2.jpg */,
				8A69BF002414AC08004E51DF /* image3.jpg */,
				8A69BF052414E427004E51DF /* park1.jpg */,
				8A69BF062414E427004E51DF /* park2.jpg */,
				8A69BF072414E428004E51DF /* park3.jpg */,
				8A69BF0B2414ED42004E51DF /* restaurant1.jpg */,
				8A69BF0C2414ED42004E51DF /* restaurant2.jpg */,
				8A69BF132414F0FB004E51DF /* restaurant3.jpg */,
			);
			path = images;
			sourceTree = "<group>";
		};
		8A6DD95F2413AEA900D52DC0 = {
			isa = PBXGroup;
			children = (
				8A6DD96A2413AEA900D52DC0 /* GuideTech */,
				8A6DD9692413AEA900D52DC0 /* Products */,
			);
			sourceTree = "<group>";
		};
		8A6DD9692413AEA900D52DC0 /* Products */ = {
			isa = PBXGroup;
			children = (
				8A6DD9682413AEA900D52DC0 /* GuideTech.app */,
			);
			name = Products;
			sourceTree = "<group>";
		};
		8A6DD96A2413AEA900D52DC0 /* GuideTech */ = {
			isa = PBXGroup;
			children = (
				8A69BEFE2414ABEB004E51DF /* images */,
				8A69BEFB2414A3CB004E51DF /* utils */,
				8A6DD9832413B83D00D52DC0 /* Model */,
				8A6DD9842413B84300D52DC0 /* View */,
				8A6DD9822413B82F00D52DC0 /* Controller */,
				8A6DD96B2413AEA900D52DC0 /* AppDelegate.swift */,
				8A6DD96D2413AEA900D52DC0 /* SceneDelegate.swift */,
				8A6DD9742413AEAE00D52DC0 /* Assets.xcassets */,
				8A6DD9762413AEAE00D52DC0 /* LaunchScreen.storyboard */,
				8A6DD9792413AEAE00D52DC0 /* Info.plist */,
			);
			path = GuideTech;
			sourceTree = "<group>";
		};
		8A6DD9822413B82F00D52DC0 /* Controller */ = {
			isa = PBXGroup;
			children = (
				8A6DD9872413C9A200D52DC0 /* HomeVC.swift */,
			);
			path = Controller;
			sourceTree = "<group>";
		};
		8A6DD9832413B83D00D52DC0 /* Model */ = {
			isa = PBXGroup;
			children = (
				8A69BF15241533FB004E51DF /* Model.swift */,
			);
			path = Model;
			sourceTree = "<group>";
		};
		8A6DD9842413B84300D52DC0 /* View */ = {
			isa = PBXGroup;
			children = (
				8A6DD9892413CA1800D52DC0 /* HotelsCell.swift */,
				8A6DD98B2413CA3300D52DC0 /* TouristSpotsCell.swift */,
				8A6DD98D2413CA4B00D52DC0 /* RestaurantsCell.swift */,
				8A6DD98F2413CA6A00D52DC0 /* BusStopCell.swift */,
				8A6DD9912413ED5D00D52DC0 /* Header.swift */,
			);
			path = View;
			sourceTree = "<group>";
		};
/* End PBXGroup section */

/* Begin PBXNativeTarget section */
		8A6DD9672413AEA900D52DC0 /* GuideTech */ = {
			isa = PBXNativeTarget;
			buildConfigurationList = 8A6DD97C2413AEAE00D52DC0 /* Build configuration list for PBXNativeTarget "GuideTech" */;
			buildPhases = (
				8A6DD9642413AEA900D52DC0 /* Sources */,
				8A6DD9652413AEA900D52DC0 /* Frameworks */,
				8A6DD9662413AEA900D52DC0 /* Resources */,
			);
			buildRules = (
			);
			dependencies = (
			);
			name = GuideTech;
			packageProductDependencies = (
				8A6DD9802413B52F00D52DC0 /* LBTATools */,
				8A5A625024169051007A4A1D /* Alamofire */,
				8A5A625624192530007A4A1D /* SwiftyJSON */,
			);
			productName = GuideTech;
			productReference = 8A6DD9682413AEA900D52DC0 /* GuideTech.app */;
			productType = "com.apple.product-type.application";
		};
/* End PBXNativeTarget section */

/* Begin PBXProject section */
		8A6DD9602413AEA900D52DC0 /* Project object */ = {
			isa = PBXProject;
			attributes = {
				LastSwiftUpdateCheck = 1120;
				LastUpgradeCheck = 1120;
				ORGANIZATIONNAME = "Valter A. Machado";
				TargetAttributes = {
					8A6DD9672413AEA900D52DC0 = {
						CreatedOnToolsVersion = 11.2.1;
					};
				};
			};
			buildConfigurationList = 8A6DD9632413AEA900D52DC0 /* Build configuration list for PBXProject "GuideTech" */;
			compatibilityVersion = "Xcode 9.3";
			developmentRegion = en;
			hasScannedForEncodings = 0;
			knownRegions = (
				en,
				Base,
			);
			mainGroup = 8A6DD95F2413AEA900D52DC0;
			packageReferences = (
				8A6DD97F2413B52F00D52DC0 /* XCRemoteSwiftPackageReference "LBTATools" */,
				8A5A624F24169051007A4A1D /* XCRemoteSwiftPackageReference "Alamofire" */,
				8A5A625524192530007A4A1D /* XCRemoteSwiftPackageReference "SwiftyJSON" */,
			);
			productRefGroup = 8A6DD9692413AEA900D52DC0 /* Products */;
			projectDirPath = "";
			projectRoot = "";
			targets = (
				8A6DD9672413AEA900D52DC0 /* GuideTech */,
			);
		};
/* End PBXProject section */

/* Begin PBXResourcesBuildPhase section */
		8A6DD9662413AEA900D52DC0 /* Resources */ = {
			isa = PBXResourcesBuildPhase;
			buildActionMask = 2147483647;
			files = (
				8A69BF0E2414ED43004E51DF /* restaurant1.jpg in Resources */,
				8A6DD9782413AEAE00D52DC0 /* LaunchScreen.storyboard in Resources */,
				8A69BF0A2414E428004E51DF /* park3.jpg in Resources */,
				8A69BF142414F0FB004E51DF /* restaurant3.jpg in Resources */,
				8A69BF082414E428004E51DF /* park1.jpg in Resources */,
				8A69BF042414AC09004E51DF /* image1.jpg in Resources */,
				8A69BF092414E428004E51DF /* park2.jpg in Resources */,
				8A6DD9752413AEAE00D52DC0 /* Assets.xcassets in Resources */,
				8A69BF022414AC09004E51DF /* image2.jpg in Resources */,
				8A69BF032414AC09004E51DF /* image3.jpg in Resources */,
				8A69BF0F2414ED43004E51DF /* restaurant2.jpg in Resources */,
			);
			runOnlyForDeploymentPostprocessing = 0;
		};
/* End PBXResourcesBuildPhase section */

/* Begin PBXSourcesBuildPhase section */
		8A6DD9642413AEA900D52DC0 /* Sources */ = {
			isa = PBXSourcesBuildPhase;
			buildActionMask = 2147483647;
			files = (
				8A6DD9922413ED5D00D52DC0 /* Header.swift in Sources */,
				8A69BEFD2414A3E8004E51DF /* Extensions.swift in Sources */,
				8A6DD98A2413CA1800D52DC0 /* HotelsCell.swift in Sources */,
				8A6DD96C2413AEA900D52DC0 /* AppDelegate.swift in Sources */,
				8A6DD98E2413CA4B00D52DC0 /* RestaurantsCell.swift in Sources */,
				8A69BF16241533FB004E51DF /* Model.swift in Sources */,
				8A6DD98C2413CA3300D52DC0 /* TouristSpotsCell.swift in Sources */,
				8A6DD9902413CA6A00D52DC0 /* BusStopCell.swift in Sources */,
				8A6DD9882413C9A200D52DC0 /* HomeVC.swift in Sources */,
				8A5A62542417E43E007A4A1D /* TrashBinCode.swift in Sources */,
				8A6DD96E2413AEA900D52DC0 /* SceneDelegate.swift in Sources */,
			);
			runOnlyForDeploymentPostprocessing = 0;
		};
/* End PBXSourcesBuildPhase section */

/* Begin PBXVariantGroup section */
		8A6DD9762413AEAE00D52DC0 /* LaunchScreen.storyboard */ = {
			isa = PBXVariantGroup;
			children = (
				8A6DD9772413AEAE00D52DC0 /* Base */,
			);
			name = LaunchScreen.storyboard;
			sourceTree = "<group>";
		};
/* End PBXVariantGroup section */

/* Begin XCBuildConfiguration section */
		8A6DD97A2413AEAE00D52DC0 /* Debug */ = {
			isa = XCBuildConfiguration;
			buildSettings = {
				ALWAYS_SEARCH_USER_PATHS = NO;
				CLANG_ANALYZER_NONNULL = YES;
				CLANG_ANALYZER_NUMBER_OBJECT_CONVERSION = YES_AGGRESSIVE;
				CLANG_CXX_LANGUAGE_STANDARD = "gnu++14";
				CLANG_CXX_LIBRARY = "libc++";
				CLANG_ENABLE_MODULES = YES;
				CLANG_ENABLE_OBJC_ARC = YES;
				CLANG_ENABLE_OBJC_WEAK = YES;
				CLANG_WARN_BLOCK_CAPTURE_AUTORELEASING = YES;
				CLANG_WARN_BOOL_CONVERSION = YES;
				CLANG_WARN_COMMA = YES;
				CLANG_WARN_CONSTANT_CONVERSION = YES;
				CLANG_WARN_DEPRECATED_OBJC_IMPLEMENTATIONS = YES;
				CLANG_WARN_DIRECT_OBJC_ISA_USAGE = YES_ERROR;
				CLANG_WARN_DOCUMENTATION_COMMENTS = YES;
				CLANG_WARN_EMPTY_BODY = YES;
				CLANG_WARN_ENUM_CONVERSION = YES;
				CLANG_WARN_INFINITE_RECURSION = YES;
				CLANG_WARN_INT_CONVERSION = YES;
				CLANG_WARN_NON_LITERAL_NULL_CONVERSION = YES;
				CLANG_WARN_OBJC_IMPLICIT_RETAIN_SELF = YES;
				CLANG_WARN_OBJC_LITERAL_CONVERSION = YES;
				CLANG_WARN_OBJC_ROOT_CLASS = YES_ERROR;
				CLANG_WARN_RANGE_LOOP_ANALYSIS = YES;
				CLANG_WARN_STRICT_PROTOTYPES = YES;
				CLANG_WARN_SUSPICIOUS_MOVE = YES;
				CLANG_WARN_UNGUARDED_AVAILABILITY = YES_AGGRESSIVE;
				CLANG_WARN_UNREACHABLE_CODE = YES;
				CLANG_WARN__DUPLICATE_METHOD_MATCH = YES;
				COPY_PHASE_STRIP = NO;
				DEBUG_INFORMATION_FORMAT = dwarf;
				ENABLE_STRICT_OBJC_MSGSEND = YES;
				ENABLE_TESTABILITY = YES;
				GCC_C_LANGUAGE_STANDARD = gnu11;
				GCC_DYNAMIC_NO_PIC = NO;
				GCC_NO_COMMON_BLOCKS = YES;
				GCC_OPTIMIZATION_LEVEL = 0;
				GCC_PREPROCESSOR_DEFINITIONS = (
					"DEBUG=1",
					"$(inherited)",
				);
				GCC_WARN_64_TO_32_BIT_CONVERSION = YES;
				GCC_WARN_ABOUT_RETURN_TYPE = YES_ERROR;
				GCC_WARN_UNDECLARED_SELECTOR = YES;
				GCC_WARN_UNINITIALIZED_AUTOS = YES_AGGRESSIVE;
				GCC_WARN_UNUSED_FUNCTION = YES;
				GCC_WARN_UNUSED_VARIABLE = YES;
				IPHONEOS_DEPLOYMENT_TARGET = 13.2;
				MTL_ENABLE_DEBUG_INFO = INCLUDE_SOURCE;
				MTL_FAST_MATH = YES;
				ONLY_ACTIVE_ARCH = YES;
				SDKROOT = iphoneos;
				SWIFT_ACTIVE_COMPILATION_CONDITIONS = DEBUG;
				SWIFT_OPTIMIZATION_LEVEL = "-Onone";
			};
			name = Debug;
		};
		8A6DD97B2413AEAE00D52DC0 /* Release */ = {
			isa = XCBuildConfiguration;
			buildSettings = {
				ALWAYS_SEARCH_USER_PATHS = NO;
				CLANG_ANALYZER_NONNULL = YES;
				CLANG_ANALYZER_NUMBER_OBJECT_CONVERSION = YES_AGGRESSIVE;
				CLANG_CXX_LANGUAGE_STANDARD = "gnu++14";
				CLANG_CXX_LIBRARY = "libc++";
				CLANG_ENABLE_MODULES = YES;
				CLANG_ENABLE_OBJC_ARC = YES;
				CLANG_ENABLE_OBJC_WEAK = YES;
				CLANG_WARN_BLOCK_CAPTURE_AUTORELEASING = YES;
				CLANG_WARN_BOOL_CONVERSION = YES;
				CLANG_WARN_COMMA = YES;
				CLANG_WARN_CONSTANT_CONVERSION = YES;
				CLANG_WARN_DEPRECATED_OBJC_IMPLEMENTATIONS = YES;
				CLANG_WARN_DIRECT_OBJC_ISA_USAGE = YES_ERROR;
				CLANG_WARN_DOCUMENTATION_COMMENTS = YES;
				CLANG_WARN_EMPTY_BODY = YES;
				CLANG_WARN_ENUM_CONVERSION = YES;
				CLANG_WARN_INFINITE_RECURSION = YES;
				CLANG_WARN_INT_CONVERSION = YES;
				CLANG_WARN_NON_LITERAL_NULL_CONVERSION = YES;
				CLANG_WARN_OBJC_IMPLICIT_RETAIN_SELF = YES;
				CLANG_WARN_OBJC_LITERAL_CONVERSION = YES;
				CLANG_WARN_OBJC_ROOT_CLASS = YES_ERROR;
				CLANG_WARN_RANGE_LOOP_ANALYSIS = YES;
				CLANG_WARN_STRICT_PROTOTYPES = YES;
				CLANG_WARN_SUSPICIOUS_MOVE = YES;
				CLANG_WARN_UNGUARDED_AVAILABILITY = YES_AGGRESSIVE;
				CLANG_WARN_UNREACHABLE_CODE = YES;
				CLANG_WARN__DUPLICATE_METHOD_MATCH = YES;
				COPY_PHASE_STRIP = NO;
				DEBUG_INFORMATION_FORMAT = "dwarf-with-dsym";
				ENABLE_NS_ASSERTIONS = NO;
				ENABLE_STRICT_OBJC_MSGSEND = YES;
				GCC_C_LANGUAGE_STANDARD = gnu11;
				GCC_NO_COMMON_BLOCKS = YES;
				GCC_WARN_64_TO_32_BIT_CONVERSION = YES;
				GCC_WARN_ABOUT_RETURN_TYPE = YES_ERROR;
				GCC_WARN_UNDECLARED_SELECTOR = YES;
				GCC_WARN_UNINITIALIZED_AUTOS = YES_AGGRESSIVE;
				GCC_WARN_UNUSED_FUNCTION = YES;
				GCC_WARN_UNUSED_VARIABLE = YES;
				IPHONEOS_DEPLOYMENT_TARGET = 13.2;
				MTL_ENABLE_DEBUG_INFO = NO;
				MTL_FAST_MATH = YES;
				SDKROOT = iphoneos;
				SWIFT_COMPILATION_MODE = wholemodule;
				SWIFT_OPTIMIZATION_LEVEL = "-O";
				VALIDATE_PRODUCT = YES;
			};
			name = Release;
		};
		8A6DD97D2413AEAE00D52DC0 /* Debug */ = {
			isa = XCBuildConfiguration;
			buildSettings = {
				ASSETCATALOG_COMPILER_APPICON_NAME = AppIcon;
				CODE_SIGN_STYLE = Automatic;
				DEVELOPMENT_TEAM = P2QGR75A2K;
				INFOPLIST_FILE = GuideTech/Info.plist;
				LD_RUNPATH_SEARCH_PATHS = (
					"$(inherited)",
					"@executable_path/Frameworks",
				);
				PRODUCT_BUNDLE_IDENTIFIER = com.valterandremachado.GuideTech;
				PRODUCT_NAME = "$(TARGET_NAME)";
				SWIFT_VERSION = 5.0;
				TARGETED_DEVICE_FAMILY = "1,2";
			};
			name = Debug;
		};
		8A6DD97E2413AEAE00D52DC0 /* Release */ = {
			isa = XCBuildConfiguration;
			buildSettings = {
				ASSETCATALOG_COMPILER_APPICON_NAME = AppIcon;
				CODE_SIGN_STYLE = Automatic;
				DEVELOPMENT_TEAM = P2QGR75A2K;
				INFOPLIST_FILE = GuideTech/Info.plist;
				LD_RUNPATH_SEARCH_PATHS = (
					"$(inherited)",
					"@executable_path/Frameworks",
				);
				PRODUCT_BUNDLE_IDENTIFIER = com.valterandremachado.GuideTech;
				PRODUCT_NAME = "$(TARGET_NAME)";
				SWIFT_VERSION = 5.0;
				TARGETED_DEVICE_FAMILY = "1,2";
			};
			name = Release;
		};
/* End XCBuildConfiguration section */

/* Begin XCConfigurationList section */
		8A6DD9632413AEA900D52DC0 /* Build configuration list for PBXProject "GuideTech" */ = {
			isa = XCConfigurationList;
			buildConfigurations = (
				8A6DD97A2413AEAE00D52DC0 /* Debug */,
				8A6DD97B2413AEAE00D52DC0 /* Release */,
			);
			defaultConfigurationIsVisible = 0;
			defaultConfigurationName = Release;
		};
		8A6DD97C2413AEAE00D52DC0 /* Build configuration list for PBXNativeTarget "GuideTech" */ = {
			isa = XCConfigurationList;
			buildConfigurations = (
				8A6DD97D2413AEAE00D52DC0 /* Debug */,
				8A6DD97E2413AEAE00D52DC0 /* Release */,
			);
			defaultConfigurationIsVisible = 0;
			defaultConfigurationName = Release;
		};
/* End XCConfigurationList section */

/* Begin XCRemoteSwiftPackageReference section */
		8A5A624F24169051007A4A1D /* XCRemoteSwiftPackageReference "Alamofire" */ = {
			isa = XCRemoteSwiftPackageReference;
			repositoryURL = "https://github.com/Alamofire/Alamofire";
			requirement = {
				kind = upToNextMajorVersion;
				minimumVersion = 4.0.2;
			};
		};
		8A5A625524192530007A4A1D /* XCRemoteSwiftPackageReference "SwiftyJSON" */ = {
			isa = XCRemoteSwiftPackageReference;
			repositoryURL = "https://github.com/SwiftyJSON/SwiftyJSON";
			requirement = {
				kind = upToNextMajorVersion;
				minimumVersion = 4.0.0;
			};
		};
		8A6DD97F2413B52F00D52DC0 /* XCRemoteSwiftPackageReference "LBTATools" */ = {
			isa = XCRemoteSwiftPackageReference;
			repositoryURL = "https://github.com/bhlvoong/LBTATools";
			requirement = {
				kind = upToNextMajorVersion;
				minimumVersion = 1.0.17;
			};
		};
/* End XCRemoteSwiftPackageReference section */

/* Begin XCSwiftPackageProductDependency section */
		8A5A625024169051007A4A1D /* Alamofire */ = {
			isa = XCSwiftPackageProductDependency;
			package = 8A5A624F24169051007A4A1D /* XCRemoteSwiftPackageReference "Alamofire" */;
			productName = Alamofire;
		};
		8A5A625624192530007A4A1D /* SwiftyJSON */ = {
			isa = XCSwiftPackageProductDependency;
			package = 8A5A625524192530007A4A1D /* XCRemoteSwiftPackageReference "SwiftyJSON" */;
			productName = SwiftyJSON;
		};
		8A6DD9802413B52F00D52DC0 /* LBTATools */ = {
			isa = XCSwiftPackageProductDependency;
			package = 8A6DD97F2413B52F00D52DC0 /* XCRemoteSwiftPackageReference "LBTATools" */;
			productName = LBTATools;
		};
/* End XCSwiftPackageProductDependency section */
	};
	rootObject = 8A6DD9602413AEA900D52DC0 /* Project object */;
}
